{
  "originHash" : "766d321bf6cddce3ca83cdec7ab12ef15f2a57818fd9d3151ba3dcb072191310",
  "pins" : [
    {
      "identity" : "swifter",
      "kind" : "remoteSourceControl",
      "location" : "https://github.com/httpswift/swifter.git",
      "state" : {
        "revision" : "8b5afb48ae64d4f729f0489ddcfe09c62b9c3687",
        "version" : "1.4.7"
      }
    }
  ],
  "version" : 3
}
